// !$*UTF8*$!
{
	archiveVersion = 1;
	classes = {
	};
	objectVersion = 77;
	objects = {

/* Begin PBXContainerItemProxy section */
		EED664E42DF8AE590003DE3B /* PBXContainerItemProxy */ = {
			isa = PBXContainerItemProxy;
			containerPortal = EED664CE2DF8AE580003DE3B /* Project object */;
			proxyType = 1;
			remoteGlobalIDString = EED664D52DF8AE580003DE3B;
			remoteInfo = BeachPulse;
		};
		EED664EE2DF8AE590003DE3B /* PBXContainerItemProxy */ = {
			isa = PBXContainerItemProxy;
			containerPortal = EED664CE2DF8AE580003DE3B /* Project object */;
			proxyType = 1;
			remoteGlobalIDString = EED664D52DF8AE580003DE3B;
			remoteInfo = BeachPulse;
		};
/* End PBXContainerItemProxy section */

/* Begin PBXFileReference section */
		EED664D62DF8AE580003DE3B /* BeachPulse.app */ = {isa = PBXFileReference; explicitFileType = wrapper.application; includeInIndex = 0; path = BeachPulse.app; sourceTree = BUILT_PRODUCTS_DIR; };
		EED664E32DF8AE590003DE3B /* BeachPulseTests.xctest */ = {isa = PBXFileReference; explicitFileType = wrapper.cfbundle; includeInIndex = 0; path = BeachPulseTests.xctest; sourceTree = BUILT_PRODUCTS_DIR; };
		EED664ED2DF8AE590003DE3B /* BeachPulseUITests.xctest */ = {isa = PBXFileReference; explicitFileType = wrapper.cfbundle; includeInIndex = 0; path = BeachPulseUITests.xctest; sourceTree = BUILT_PRODUCTS_DIR; };
/* End PBXFileReference section */

/* Begin PBXFileSystemSynchronizedRootGroup section */
		EED664D82DF8AE580003DE3B /* BeachPulse */ = {
			isa = PBXFileSystemSynchronizedRootGroup;
			path = BeachPulse;
			sourceTree = "<group>";
		};
		EED664E62DF8AE590003DE3B /* BeachPulseTests */ = {
			isa = PBXFileSystemSynchronizedRootGroup;
			path = BeachPulseTests;
			sourceTree = "<group>";
		};
		EED664F02DF8AE590003DE3B /* BeachPulseUITests */ = {
			isa = PBXFileSystemSynchronizedRootGroup;
			path = BeachPulseUITests;
			sourceTree = "<group>";
		};
/* End PBXFileSystemSynchronizedRootGroup section */

/* Begin PBXFrameworksBuildPhase section */
		EED664D32DF8AE580003DE3B /* Frameworks */ = {
			isa = PBXFrameworksBuildPhase;
			buildActionMask = 2147483647;
			files = (
			);
			runOnlyForDeploymentPostprocessing = 0;
		};
		EED664E02DF8AE590003DE3B /* Frameworks */ = {
			isa = PBXFrameworksBuildPhase;
			buildActionMask = 2147483647;
			files = (
			);
			runOnlyForDeploymentPostprocessing = 0;
		};
		EED664EA2DF8AE590003DE3B /* Frameworks */ = {
			isa = PBXFrameworksBuildPhase;
			buildActionMask = 2147483647;
			files = (
			);
			runOnlyForDeploymentPostprocessing = 0;
		};
/* End PBXFrameworksBuildPhase section */

/* Begin PBXGroup section */
		EED664CD2DF8AE580003DE3B = {
			isa = PBXGroup;
			children = (
				EED664D82DF8AE580003DE3B /* BeachPulse */,
				EED664E62DF8AE590003DE3B /* BeachPulseTests */,
				EED664F02DF8AE590003DE3B /* BeachPulseUITests */,
				EED664D72DF8AE580003DE3B /* Products */,
			);
			sourceTree = "<group>";
		};
		EED664D72DF8AE580003DE3B /* Products */ = {
			isa = PBXGroup;
			children = (
				EED664D62DF8AE580003DE3B /* BeachPulse.app */,
				EED664E32DF8AE590003DE3B /* BeachPulseTests.xctest */,
				EED664ED2DF8AE590003DE3B /* BeachPulseUITests.xctest */,
			);
			name = Products;
			sourceTree = "<group>";
		};
/* End PBXGroup section */

/* Begin PBXNativeTarget section */
		EED664D52DF8AE580003DE3B /* BeachPulse */ = {
			isa = PBXNativeTarget;
			buildConfigurationList = EED664F72DF8AE590003DE3B /* Build configuration list for PBXNativeTarget "BeachPulse" */;
			buildPhases = (
				EED664D22DF8AE580003DE3B /* Sources */,
				EED664D32DF8AE580003DE3B /* Frameworks */,
				EED664D42DF8AE580003DE3B /* Resources */,
			);
			buildRules = (
			);
			dependencies = (
			);
			fileSystemSynchronizedGroups = (
				EED664D82DF8AE580003DE3B /* BeachPulse */,
			);
			name = BeachPulse;
			packageProductDependencies = (
			);
			productName = BeachPulse;
			productReference = EED664D62DF8AE580003DE3B /* BeachPulse.app */;
			productType = "com.apple.product-type.application";
		};
		EED664E22DF8AE590003DE3B /* BeachPulseTests */ = {
			isa = PBXNativeTarget;
			buildConfigurationList = EED664FA2DF8AE590003DE3B /* Build configuration list for PBXNativeTarget "BeachPulseTests" */;
			buildPhases = (
				EED664DF2DF8AE590003DE3B /* Sources */,
				EED664E02DF8AE590003DE3B /* Frameworks */,
				EED664E12DF8AE590003DE3B /* Resources */,
			);
			buildRules = (
			);
			dependencies = (
				EED664E52DF8AE590003DE3B /* PBXTargetDependency */,
			);
			fileSystemSynchronizedGroups = (
				EED664E62DF8AE590003DE3B /* BeachPulseTests */,
			);
			name = BeachPulseTests;
			packageProductDependencies = (
			);
			productName = BeachPulseTests;
			productReference = EED664E32DF8AE590003DE3B /* BeachPulseTests.xctest */;
			productType = "com.apple.product-type.bundle.unit-test";
		};
		EED664EC2DF8AE590003DE3B /* BeachPulseUITests */ = {
			isa = PBXNativeTarget;
			buildConfigurationList = EED664FD2DF8AE590003DE3B /* Build configuration list for PBXNativeTarget "BeachPulseUITests" */;
			buildPhases = (
				EED664E92DF8AE590003DE3B /* Sources */,
				EED664EA2DF8AE590003DE3B /* Frameworks */,
				EED664EB2DF8AE590003DE3B /* Resources */,
			);
			buildRules = (
			);
			dependencies = (
				EED664EF2DF8AE590003DE3B /* PBXTargetDependency */,
			);
			fileSystemSynchronizedGroups = (
				EED664F02DF8AE590003DE3B /* BeachPulseUITests */,
			);
			name = BeachPulseUITests;
			packageProductDependencies = (
			);
			productName = BeachPulseUITests;
			productReference = EED664ED2DF8AE590003DE3B /* BeachPulseUITests.xctest */;
			productType = "com.apple.product-type.bundle.ui-testing";
		};
/* End PBXNativeTarget section */

/* Begin PBXProject section */
		EED664CE2DF8AE580003DE3B /* Project object */ = {
			isa = PBXProject;
			attributes = {
				BuildIndependentTargetsInParallel = 1;
				LastSwiftUpdateCheck = 1640;
				LastUpgradeCheck = 1640;
				TargetAttributes = {
					EED664D52DF8AE580003DE3B = {
						CreatedOnToolsVersion = 16.4;
					};
					EED664E22DF8AE590003DE3B = {
						CreatedOnToolsVersion = 16.4;
						TestTargetID = EED664D52DF8AE580003DE3B;
					};
					EED664EC2DF8AE590003DE3B = {
						CreatedOnToolsVersion = 16.4;
						TestTargetID = EED664D52DF8AE580003DE3B;
					};
				};
			};
			buildConfigurationList = EED664D12DF8AE580003DE3B /* Build configuration list for PBXProject "BeachPulse" */;
			developmentRegion = en;
			hasScannedForEncodings = 0;
			knownRegions = (
				en,
				Base,
			);
			mainGroup = EED664CD2DF8AE580003DE3B;
			minimizedProjectReferenceProxies = 1;
			preferredProjectObjectVersion = 77;
			productRefGroup = EED664D72DF8AE580003DE3B /* Products */;
			projectDirPath = "";
			projectRoot = "";
			targets = (
				EED664D52DF8AE580003DE3B /* BeachPulse */,
				EED664E22DF8AE590003DE3B /* BeachPulseTests */,
				EED664EC2DF8AE590003DE3B /* BeachPulseUITests */,
			);
		};
/* End PBXProject section */

/* Begin PBXResourcesBuildPhase section */
		EED664D42DF8AE580003DE3B /* Resources */ = {
			isa = PBXResourcesBuildPhase;
			buildActionMask = 2147483647;
			files = (
			);
			runOnlyForDeploymentPostprocessing = 0;
		};
		EED664E12DF8AE590003DE3B /* Resources */ = {
			isa = PBXResourcesBuildPhase;
			buildActionMask = 2147483647;
			files = (
			);
			runOnlyForDeploymentPostprocessing = 0;
		};
		EED664EB2DF8AE590003DE3B /* Resources */ = {
			isa = PBXResourcesBuildPhase;
			buildActionMask = 2147483647;
			files = (
			);
			runOnlyForDeploymentPostprocessing = 0;
		};
/* End PBXResourcesBuildPhase section */

/* Begin PBXSourcesBuildPhase section */
		EED664D22DF8AE580003DE3B /* Sources */ = {
			isa = PBXSourcesBuildPhase;
			buildActionMask = 2147483647;
			files = (
			);
			runOnlyForDeploymentPostprocessing = 0;
		};
		EED664DF2DF8AE590003DE3B /* Sources */ = {
			isa = PBXSourcesBuildPhase;
			buildActionMask = 2147483647;
			files = (
			);
			runOnlyForDeploymentPostprocessing = 0;
		};
		EED664E92DF8AE590003DE3B /* Sources */ = {
			isa = PBXSourcesBuildPhase;
			buildActionMask = 2147483647;
			files = (
			);
			runOnlyForDeploymentPostprocessing = 0;
		};
/* End PBXSourcesBuildPhase section */

/* Begin PBXTargetDependency section */
		EED664E52DF8AE590003DE3B /* PBXTargetDependency */ = {
			isa = PBXTargetDependency;
			target = EED664D52DF8AE580003DE3B /* BeachPulse */;
			targetProxy = EED664E42DF8AE590003DE3B /* PBXContainerItemProxy */;
		};
		EED664EF2DF8AE590003DE3B /* PBXTargetDependency */ = {
			isa = PBXTargetDependency;
			target = EED664D52DF8AE580003DE3B /* BeachPulse */;
			targetProxy = EED664EE2DF8AE590003DE3B /* PBXContainerItemProxy */;
		};
/* End PBXTargetDependency section */

/* Begin XCBuildConfiguration section */
		EED664F52DF8AE590003DE3B /* Debug */ = {
			isa = XCBuildConfiguration;
			buildSettings = {
				ALWAYS_SEARCH_USER_PATHS = NO;
				ASSETCATALOG_COMPILER_GENERATE_SWIFT_ASSET_SYMBOL_EXTENSIONS = YES;
				CLANG_ANALYZER_NONNULL = YES;
				CLANG_ANALYZER_NUMBER_OBJECT_CONVERSION = YES_AGGRESSIVE;
				CLANG_CXX_LANGUAGE_STANDARD = "gnu++20";
				CLANG_ENABLE_MODULES = YES;
				CLANG_ENABLE_OBJC_ARC = YES;
				CLANG_ENABLE_OBJC_WEAK = YES;
				CLANG_WARN_BLOCK_CAPTURE_AUTORELEASING = YES;
				CLANG_WARN_BOOL_CONVERSION = YES;
				CLANG_WARN_COMMA = YES;
				CLANG_WARN_CONSTANT_CONVERSION = YES;
				CLANG_WARN_DEPRECATED_OBJC_IMPLEMENTATIONS = YES;
				CLANG_WARN_DIRECT_OBJC_ISA_USAGE = YES_ERROR;
				CLANG_WARN_DOCUMENTATION_COMMENTS = YES;
				CLANG_WARN_EMPTY_BODY = YES;
				CLANG_WARN_ENUM_CONVERSION = YES;
				CLANG_WARN_INFINITE_RECURSION = YES;
				CLANG_WARN_INT_CONVERSION = YES;
				CLANG_WARN_NON_LITERAL_NULL_CONVERSION = YES;
				CLANG_WARN_OBJC_IMPLICIT_RETAIN_SELF = YES;
				CLANG_WARN_OBJC_LITERAL_CONVERSION = YES;
				CLANG_WARN_OBJC_ROOT_CLASS = YES_ERROR;
				CLANG_WARN_QUOTED_INCLUDE_IN_FRAMEWORK_HEADER = YES;
				CLANG_WARN_RANGE_LOOP_ANALYSIS = YES;
				CLANG_WARN_STRICT_PROTOTYPES = YES;
				CLANG_WARN_SUSPICIOUS_MOVE = YES;
				CLANG_WARN_UNGUARDED_AVAILABILITY = YES_AGGRESSIVE;
				CLANG_WARN_UNREACHABLE_CODE = YES;
				CLANG_WARN__DUPLICATE_METHOD_MATCH = YES;
				COPY_PHASE_STRIP = NO;
				DEBUG_INFORMATION_FORMAT = dwarf;
				ENABLE_STRICT_OBJC_MSGSEND = YES;
				ENABLE_TESTABILITY = YES;
				ENABLE_USER_SCRIPT_SANDBOXING = YES;
				GCC_C_LANGUAGE_STANDARD = gnu17;
				GCC_DYNAMIC_NO_PIC = NO;
				GCC_NO_COMMON_BLOCKS = YES;
				GCC_OPTIMIZATION_LEVEL = 0;
				GCC_PREPROCESSOR_DEFINITIONS = (
					"DEBUG=1",
					"$(inherited)",
				);
				GCC_WARN_64_TO_32_BIT_CONVERSION = YES;
				GCC_WARN_ABOUT_RETURN_TYPE = YES_ERROR;
				GCC_WARN_UNDECLARED_SELECTOR = YES;
				GCC_WARN_UNINITIALIZED_AUTOS = YES_AGGRESSIVE;
				GCC_WARN_UNUSED_FUNCTION = YES;
				GCC_WARN_UNUSED_VARIABLE = YES;
				IPHONEOS_DEPLOYMENT_TARGET = 18.5;
				LOCALIZATION_PREFERS_STRING_CATALOGS = YES;
				MTL_ENABLE_DEBUG_INFO = INCLUDE_SOURCE;
				MTL_FAST_MATH = YES;
				ONLY_ACTIVE_ARCH = YES;
				SDKROOT = iphoneos;
				SWIFT_ACTIVE_COMPILATION_CONDITIONS = "DEBUG $(inherited)";
				SWIFT_OPTIMIZATION_LEVEL = "-Onone";
			};
			name = Debug;
		};
		EED664F62DF8AE590003DE3B /* Release */ = {
			isa = XCBuildConfiguration;
			buildSettings = {
				ALWAYS_SEARCH_USER_PATHS = NO;
				ASSETCATALOG_COMPILER_GENERATE_SWIFT_ASSET_SYMBOL_EXTENSIONS = YES;
				CLANG_ANALYZER_NONNULL = YES;
				CLANG_ANALYZER_NUMBER_OBJECT_CONVERSION = YES_AGGRESSIVE;
				CLANG_CXX_LANGUAGE_STANDARD = "gnu++20";
				CLANG_ENABLE_MODULES = YES;
				CLANG_ENABLE_OBJC_ARC = YES;
				CLANG_ENABLE_OBJC_WEAK = YES;
				CLANG_WARN_BLOCK_CAPTURE_AUTORELEASING = YES;
				CLANG_WARN_BOOL_CONVERSION = YES;
				CLANG_WARN_COMMA = YES;
				CLANG_WARN_CONSTANT_CONVERSION = YES;
				CLANG_WARN_DEPRECATED_OBJC_IMPLEMENTATIONS = YES;
				CLANG_WARN_DIRECT_OBJC_ISA_USAGE = YES_ERROR;
				CLANG_WARN_DOCUMENTATION_COMMENTS = YES;
				CLANG_WARN_EMPTY_BODY = YES;
				CLANG_WARN_ENUM_CONVERSION = YES;
				CLANG_WARN_INFINITE_RECURSION = YES;
				CLANG_WARN_INT_CONVERSION = YES;
				CLANG_WARN_NON_LITERAL_NULL_CONVERSION = YES;
				CLANG_WARN_OBJC_IMPLICIT_RETAIN_SELF = YES;
				CLANG_WARN_OBJC_LITERAL_CONVERSION = YES;
				CLANG_WARN_OBJC_ROOT_CLASS = YES_ERROR;
				CLANG_WARN_QUOTED_INCLUDE_IN_FRAMEWORK_HEADER = YES;
				CLANG_WARN_RANGE_LOOP_ANALYSIS = YES;
				CLANG_WARN_STRICT_PROTOTYPES = YES;
				CLANG_WARN_SUSPICIOUS_MOVE = YES;
				CLANG_WARN_UNGUARDED_AVAILABILITY = YES_AGGRESSIVE;
				CLANG_WARN_UNREACHABLE_CODE = YES;
				CLANG_WARN__DUPLICATE_METHOD_MATCH = YES;
				COPY_PHASE_STRIP = NO;
				DEBUG_INFORMATION_FORMAT = "dwarf-with-dsym";
				ENABLE_NS_ASSERTIONS = NO;
				ENABLE_STRICT_OBJC_MSGSEND = YES;
				ENABLE_USER_SCRIPT_SANDBOXING = YES;
				GCC_C_LANGUAGE_STANDARD = gnu17;
				GCC_NO_COMMON_BLOCKS = YES;
				GCC_WARN_64_TO_32_BIT_CONVERSION = YES;
				GCC_WARN_ABOUT_RETURN_TYPE = YES_ERROR;
				GCC_WARN_UNDECLARED_SELECTOR = YES;
				GCC_WARN_UNINITIALIZED_AUTOS = YES_AGGRESSIVE;
				GCC_WARN_UNUSED_FUNCTION = YES;
				GCC_WARN_UNUSED_VARIABLE = YES;
				IPHONEOS_DEPLOYMENT_TARGET = 18.5;
				LOCALIZATION_PREFERS_STRING_CATALOGS = YES;
				MTL_ENABLE_DEBUG_INFO = NO;
				MTL_FAST_MATH = YES;
				SDKROOT = iphoneos;
				SWIFT_COMPILATION_MODE = wholemodule;
				VALIDATE_PRODUCT = YES;
			};
			name = Release;
		};
		EED664F82DF8AE590003DE3B /* Debug */ = {
			isa = XCBuildConfiguration;
			buildSettings = {
				ASSETCATALOG_COMPILER_APPICON_NAME = AppIcon;
				ASSETCATALOG_COMPILER_GLOBAL_ACCENT_COLOR_NAME = AccentColor;
				CODE_SIGN_STYLE = Automatic;
				CURRENT_PROJECT_VERSION = 1;
				ENABLE_PREVIEWS = YES;
				GENERATE_INFOPLIST_FILE = YES;
				INFOPLIST_KEY_UIApplicationSceneManifest_Generation = YES;
				INFOPLIST_KEY_UIApplicationSupportsIndirectInputEvents = YES;
				INFOPLIST_KEY_UILaunchScreen_Generation = YES;
				INFOPLIST_KEY_UISupportedInterfaceOrientations_iPad = "UIInterfaceOrientationPortrait UIInterfaceOrientationPortraitUpsideDown UIInterfaceOrientationLandscapeLeft UIInterfaceOrientationLandscapeRight";
				INFOPLIST_KEY_UISupportedInterfaceOrientations_iPhone = "UIInterfaceOrientationPortrait UIInterfaceOrientationLandscapeLeft UIInterfaceOrientationLandscapeRight";
				LD_RUNPATH_SEARCH_PATHS = (
					"$(inherited)",
					"@executable_path/Frameworks",
				);
				MARKETING_VERSION = 1.0;
				PRODUCT_BUNDLE_IDENTIFIER = beachpulse.BeachPulse;
				PRODUCT_NAME = "$(TARGET_NAME)";
				SWIFT_EMIT_LOC_STRINGS = YES;
				SWIFT_VERSION = 5.0;
				TARGETED_DEVICE_FAMILY = "1,2";
			};
			name = Debug;
		};
		EED664F92DF8AE590003DE3B /* Release */ = {
			isa = XCBuildConfiguration;
			buildSettings = {
				ASSETCATALOG_COMPILER_APPICON_NAME = AppIcon;
				ASSETCATALOG_COMPILER_GLOBAL_ACCENT_COLOR_NAME = AccentColor;
				CODE_SIGN_STYLE = Automatic;
				CURRENT_PROJECT_VERSION = 1;
				ENABLE_PREVIEWS = YES;
				GENERATE_INFOPLIST_FILE = YES;
				INFOPLIST_KEY_UIApplicationSceneManifest_Generation = YES;
				INFOPLIST_KEY_UIApplicationSupportsIndirectInputEvents = YES;
				INFOPLIST_KEY_UILaunchScreen_Generation = YES;
				INFOPLIST_KEY_UISupportedInterfaceOrientations_iPad = "UIInterfaceOrientationPortrait UIInterfaceOrientationPortraitUpsideDown UIInterfaceOrientationLandscapeLeft UIInterfaceOrientationLandscapeRight";
				INFOPLIST_KEY_UISupportedInterfaceOrientations_iPhone = "UIInterfaceOrientationPortrait UIInterfaceOrientationLandscapeLeft UIInterfaceOrientationLandscapeRight";
				LD_RUNPATH_SEARCH_PATHS = (
					"$(inherited)",
					"@executable_path/Frameworks",
				);
				MARKETING_VERSION = 1.0;
				PRODUCT_BUNDLE_IDENTIFIER = beachpulse.BeachPulse;
				PRODUCT_NAME = "$(TARGET_NAME)";
				SWIFT_EMIT_LOC_STRINGS = YES;
				SWIFT_VERSION = 5.0;
				TARGETED_DEVICE_FAMILY = "1,2";
			};
			name = Release;
		};
		EED664FB2DF8AE590003DE3B /* Debug */ = {
			isa = XCBuildConfiguration;
			buildSettings = {
				BUNDLE_LOADER = "$(TEST_HOST)";
				CODE_SIGN_STYLE = Automatic;
				CURRENT_PROJECT_VERSION = 1;
				GENERATE_INFOPLIST_FILE = YES;
				IPHONEOS_DEPLOYMENT_TARGET = 18.5;
				MARKETING_VERSION = 1.0;
				PRODUCT_BUNDLE_IDENTIFIER = beachpulse.BeachPulseTests;
				PRODUCT_NAME = "$(TARGET_NAME)";
				SWIFT_EMIT_LOC_STRINGS = NO;
				SWIFT_VERSION = 5.0;
				TARGETED_DEVICE_FAMILY = "1,2";
				TEST_HOST = "$(BUILT_PRODUCTS_DIR)/BeachPulse.app/$(BUNDLE_EXECUTABLE_FOLDER_PATH)/BeachPulse";
			};
			name = Debug;
		};
		EED664FC2DF8AE590003DE3B /* Release */ = {
			isa = XCBuildConfiguration;
			buildSettings = {
				BUNDLE_LOADER = "$(TEST_HOST)";
				CODE_SIGN_STYLE = Automatic;
				CURRENT_PROJECT_VERSION = 1;
				GENERATE_INFOPLIST_FILE = YES;
				IPHONEOS_DEPLOYMENT_TARGET = 18.5;
				MARKETING_VERSION = 1.0;
				PRODUCT_BUNDLE_IDENTIFIER = beachpulse.BeachPulseTests;
				PRODUCT_NAME = "$(TARGET_NAME)";
				SWIFT_EMIT_LOC_STRINGS = NO;
				SWIFT_VERSION = 5.0;
				TARGETED_DEVICE_FAMILY = "1,2";
				TEST_HOST = "$(BUILT_PRODUCTS_DIR)/BeachPulse.app/$(BUNDLE_EXECUTABLE_FOLDER_PATH)/BeachPulse";
			};
			name = Release;
		};
		EED664FE2DF8AE590003DE3B /* Debug */ = {
			isa = XCBuildConfiguration;
			buildSettings = {
				CODE_SIGN_STYLE = Automatic;
				CURRENT_PROJECT_VERSION = 1;
				GENERATE_INFOPLIST_FILE = YES;
				MARKETING_VERSION = 1.0;
				PRODUCT_BUNDLE_IDENTIFIER = beachpulse.BeachPulseUITests;
				PRODUCT_NAME = "$(TARGET_NAME)";
				SWIFT_EMIT_LOC_STRINGS = NO;
				SWIFT_VERSION = 5.0;
				TARGETED_DEVICE_FAMILY = "1,2";
				TEST_TARGET_NAME = BeachPulse;
			};
			name = Debug;
		};
		EED664FF2DF8AE590003DE3B /* Release */ = {
			isa = XCBuildConfiguration;
			buildSettings = {
				CODE_SIGN_STYLE = Automatic;
				CURRENT_PROJECT_VERSION = 1;
				GENERATE_INFOPLIST_FILE = YES;
				MARKETING_VERSION = 1.0;
				PRODUCT_BUNDLE_IDENTIFIER = beachpulse.BeachPulseUITests;
				PRODUCT_NAME = "$(TARGET_NAME)";
				SWIFT_EMIT_LOC_STRINGS = NO;
				SWIFT_VERSION = 5.0;
				TARGETED_DEVICE_FAMILY = "1,2";
				TEST_TARGET_NAME = BeachPulse;
			};
			name = Release;
		};
/* End XCBuildConfiguration section */

/* Begin XCConfigurationList section */
		EED664D12DF8AE580003DE3B /* Build configuration list for PBXProject "BeachPulse" */ = {
			isa = XCConfigurationList;
			buildConfigurations = (
				EED664F52DF8AE590003DE3B /* Debug */,
				EED664F62DF8AE590003DE3B /* Release */,
			);
			defaultConfigurationIsVisible = 0;
			defaultConfigurationName = Release;
		};
		EED664F72DF8AE590003DE3B /* Build configuration list for PBXNativeTarget "BeachPulse" */ = {
			isa = XCConfigurationList;
			buildConfigurations = (
				EED664F82DF8AE590003DE3B /* Debug */,
				EED664F92DF8AE590003DE3B /* Release */,
			);
			defaultConfigurationIsVisible = 0;
			defaultConfigurationName = Release;
		};
		EED664FA2DF8AE590003DE3B /* Build configuration list for PBXNativeTarget "BeachPulseTests" */ = {
			isa = XCConfigurationList;
			buildConfigurations = (
				EED664FB2DF8AE590003DE3B /* Debug */,
				EED664FC2DF8AE590003DE3B /* Release */,
			);
			defaultConfigurationIsVisible = 0;
			defaultConfigurationName = Release;
		};
		EED664FD2DF8AE590003DE3B /* Build configuration list for PBXNativeTarget "BeachPulseUITests" */ = {
			isa = XCConfigurationList;
			buildConfigurations = (
				EED664FE2DF8AE590003DE3B /* Debug */,
				EED664FF2DF8AE590003DE3B /* Release */,
			);
			defaultConfigurationIsVisible = 0;
			defaultConfigurationName = Release;
		};
/* End XCConfigurationList section */
	};
	rootObject = EED664CE2DF8AE580003DE3B /* Project object */;
}
